
Microsoft Visual Studio Solution File, Format Version 11.00
# Visual Studio 2010
Project("{FAE04EC0-301F-11D3-BF4B-00C04F79EFBC}") = "UX_project", "Assembly-CSharp.csproj", "{04D9D596-CF54-AB37-6E9B-64DD4F6B9516}"
EndProject
Project("{FAE04EC0-301F-11D3-BF4B-00C04F79EFBC}") = "UX_project", "Assembly-CSharp-Editor.csproj", "{BBA14B47-CE21-82C2-207B-5EED4EDEE1F1}"
EndProject
Project("{FAE04EC0-301F-11D3-BF4B-00C04F79EFBC}") = "UX_project", "Assembly-CSharp-Editor-firstpass.csproj", "{B33BAA1D-510B-27CB-26BE-9A4FCBB1977C}"
EndProject
Global
	GlobalSection(SolutionConfigurationPlatforms) = preSolution
		Debug|Any CPU = Debug|Any CPU
		Release|Any CPU = Release|Any CPU
	EndGlobalSection
	GlobalSection(ProjectConfigurationPlatforms) = postSolution
		{04D9D596-CF54-AB37-6E9B-64DD4F6B9516}.Debug|Any CPU.ActiveCfg = Debug|Any CPU
		{04D9D596-CF54-AB37-6E9B-64DD4F6B9516}.Debug|Any CPU.Build.0 = Debug|Any CPU
		{04D9D596-CF54-AB37-6E9B-64DD4F6B9516}.Release|Any CPU.ActiveCfg = Release|Any CPU
		{04D9D596-CF54-AB37-6E9B-64DD4F6B9516}.Release|Any CPU.Build.0 = Release|Any CPU
		{BBA14B47-CE21-82C2-207B-5EED4EDEE1F1}.Debug|Any CPU.ActiveCfg = Debug|Any CPU
		{BBA14B47-CE21-82C2-207B-5EED4EDEE1F1}.Debug|Any CPU.Build.0 = Debug|Any CPU
		{BBA14B47-CE21-82C2-207B-5EED4EDEE1F1}.Release|Any CPU.ActiveCfg = Release|Any CPU
		{BBA14B47-CE21-82C2-207B-5EED4EDEE1F1}.Release|Any CPU.Build.0 = Release|Any CPU
		{B33BAA1D-510B-27CB-26BE-9A4FCBB1977C}.Debug|Any CPU.ActiveCfg = Debug|Any CPU
		{B33BAA1D-510B-27CB-26BE-9A4FCBB1977C}.Debug|Any CPU.Build.0 = Debug|Any CPU
		{B33BAA1D-510B-27CB-26BE-9A4FCBB1977C}.Release|Any CPU.ActiveCfg = Release|Any CPU
		{B33BAA1D-510B-27CB-26BE-9A4FCBB1977C}.Release|Any CPU.Build.0 = Release|Any CPU
	EndGlobalSection
	GlobalSection(SolutionProperties) = preSolution
		HideSolutionNode = FALSE
	EndGlobalSection
	GlobalSection(MonoDevelopProperties) = preSolution
		StartupItem = Assembly-CSharp.csproj
	EndGlobalSection
EndGlobal
